symfony 6e60967827e748c8168ad4aed2a0c33e8c9cd376
twig 5b5de2c74338119c1565f68ad3225caad240a31b
monolog b704c49a3051536f67f2d39f13568f74615b9922
doctrine-common fc26d10d97dc773923a8d561e9301c3c73b9cc70
doctrine-dbal a62df7387b2132195ea43b528ed1e5fe2a5c7210
doctrine 19a4d05035aa1df4e56e95564ccedd6fe13a792e
swiftmailer 0243dc3b18c784adda72e71f6bd34f11fef69b4b
assetic f829ad23d23c87480151a21faad49fefe7c09e5d
twig-extensions 1dfff8e793f50f651c4f74f796c2c68a4aee3147
metadata 30c622cad82e39a6856b981a9bfb9df06b3cc067
AsseticBundle 41b5913b5086a0909af92adcb4a6005ee0051b16
doctrine-fixtures bed8908ae929562317e5c59dc0bee24f3b63067e
DoctrineFixturesBundle e7b2c06801f9d6711531b504bb81ab4328ed697c
DoctrineBundle 93be072b43f64f88dc946705610dc8d3b9eed833